[[package]]
name = "awscrt"
version = "0.11.20"
description = "A common runtime for AWS Python projects"
category = "main"
optional = false
python-versions = ">=3.6"

[[package]]
name = "awsiotsdk"
version = "1.5.17"
description = "AWS IoT SDK based on the AWS Common Runtime"
category = "main"
optional = false
python-versions = ">=3.6"

[package.dependencies]
awscrt = "0.11.20"

[[package]]
name = "numpy"
version = "1.20.3"
description = "NumPy is the fundamental package for array computing with Python."
category = "main"
optional = false
python-versions = ">=3.7"

[[package]]
name = "pyaudio"
version = "0.2.11"
description = "Bindings for PortAudio v19, the cross-platform audio input/output stream library."
category = "main"
optional = false
python-versions = "*"

[[package]]
name = "wave"
version = "0.0.2"
description = "Whole Architecture Verification"
category = "main"
optional = false
python-versions = "*"

[metadata]
lock-version = "1.1"
python-versions = "^3.7"
content-hash = "9389b92bd225f16feee050c71364cfa8167073130352cd04c492e0ebf365b590"

[metadata.files]
awscrt = [
    {file = "awscrt-0.11.20-cp35-cp35m-manylinux_2_5_i686.manylinux1_i686.whl", hash = "sha256:9a9921ac0b9e8737d1298ea214f86dd7c9c3111b68f2a4c67773c767f427728f"},
    {file = "awscrt-0.11.20-cp35-cp35m-manylinux_2_5_x86_64.manylinux1_x86_64.whl", hash = "sha256:8289937ff66cbd03d38fbb58044aa496ec50dd9b08be75f511c425e042545f90"},
    {file = "awscrt-0.11.20-cp36-cp36m-macosx_10_9_x86_64.whl", hash = "sha256:e24cb61b19031cba9d185967174f8b92441500fb5de4ad6742338d12ab4d86f4"},
    {file = "awscrt-0.11.20-cp36-cp36m-manylinux_2_17_aarch64.manylinux2014_aarch64.whl", hash = "sha256:b1e72d40de3e2e11bc03d1a1882be8bf00f85efc8e8f1dd1f3dcb698363a04b5"},
    {file = "awscrt-0.11.20-cp36-cp36m-manylinux_2_17_x86_64.manylinux2014_x86_64.whl", hash = "sha256:5e16c3acf045e10a9b3430f4c59039ae81046ad3e6c2b784246ccd7a6c797948"},
    {file = "awscrt-0.11.20-cp36-cp36m-manylinux_2_5_i686.manylinux1_i686.whl", hash = "sha256:2b06545f9ca5cb65b58b30cd18930d6b2594c16836be1636fdf967869f5fdd58"},
    {file = "awscrt-0.11.20-cp36-cp36m-manylinux_2_5_x86_64.manylinux1_x86_64.whl", hash = "sha256:ee8ae1e0e40ee4f4338dc9d550dbeb3cdde96530a39cf530172c4317c6f846ce"},
    {file = "awscrt-0.11.20-cp36-cp36m-win32.whl", hash = "sha256:4e99ce8601c93940e241515a862a710a79bdcae2616419d21f39638108e82e8f"},
    {file = "awscrt-0.11.20-cp36-cp36m-win_amd64.whl", hash = "sha256:e0b232862cede05c41d811ca07cb73e83509de476bea3be7d6fc4a86964f5723"},
    {file = "awscrt-0.11.20-cp37-cp37m-macosx_10_9_x86_64.whl", hash = "sha256:5718762d4d70c40bcd82c3ebb4cf1fcf07971f11e9f231c38db2dc74c8cbcac3"},
    {file = "awscrt-0.11.20-cp37-cp37m-manylinux_2_17_aarch64.manylinux2014_aarch64.whl", hash = "sha256:6794e119db8bac03339dd2090a8d62d192a7c24abba69035ea17c9462dc8d630"},
    {file = "awscrt-0.11.20-cp37-cp37m-manylinux_2_17_x86_64.manylinux2014_x86_64.whl", hash = "sha256:73ebb726c90e0e8e77d29645038b43545d47b8b2cdc7608e8ca2527e4ae565c2"},
    {file = "awscrt-0.11.20-cp37-cp37m-manylinux_2_5_i686.manylinux1_i686.whl", hash = "sha256:c50bf7f7b0606db147c0d5af73df64a02c7a86798f779602e6280f0d31569201"},
    {file = "awscrt-0.11.20-cp37-cp37m-manylinux_2_5_x86_64.manylinux1_x86_64.whl", hash = "sha256:c3e48ff81d730e782f96b29515cece83276a4cd6c21ed89b2ffdfc70897a3630"},
    {file = "awscrt-0.11.20-cp37-cp37m-win32.whl", hash = "sha256:c52ed3a672975512ebba1db5d8df0ffbbb030c89e09eb03c9c96efbc63d10e82"},
    {file = "awscrt-0.11.20-cp37-cp37m-win_amd64.whl", hash = "sha256:797c8548638418ff8f8b538ab2fe3f7de529cddeb0ce81e426b9f576f3916116"},
    {file = "awscrt-0.11.20-cp38-cp38-macosx_10_9_x86_64.whl", hash = "sha256:acd798b9bbc61d65377a9d32cc3e86a26e4b300af4f54010ce8e7ee65fb5950b"},
    {file = "awscrt-0.11.20-cp38-cp38-manylinux_2_17_aarch64.manylinux2014_aarch64.whl", hash = "sha256:ff079c97197cfde38e5ff38b003c82ea466e4edec278501293e003351e13472b"},
    {file = "awscrt-0.11.20-cp38-cp38-manylinux_2_17_x86_64.manylinux2014_x86_64.whl", hash = "sha256:c4962aa024724b2c72daaf57327fdcef4445ee2c1b0108259aeec7ad56562bb3"},
    {file = "awscrt-0.11.20-cp38-cp38-manylinux_2_5_i686.manylinux1_i686.whl", hash = "sha256:4d46d69e3fc41360695d6c6d368a71e8297dbf1d2b324e5929b771e309fa8800"},
    {file = "awscrt-0.11.20-cp38-cp38-manylinux_2_5_x86_64.manylinux1_x86_64.whl", hash = "sha256:8ecfe8f9ef73561885f0279ebd4e6bbbca151d6a2c4492dd8dcc95a9909ba82c"},
    {file = "awscrt-0.11.20-cp38-cp38-win32.whl", hash = "sha256:e74bbe4e62602c4e92020fc201f141151cae2eaf2c2c48eea2bfca03748b547f"},
    {file = "awscrt-0.11.20-cp38-cp38-win_amd64.whl", hash = "sha256:db2a89902d6d344d983b925d11be6e72d8162ae91c6051523ffa4dbed747f25b"},
    {file = "awscrt-0.11.20-cp39-cp39-macosx_10_9_x86_64.whl", hash = "sha256:089696c67989865b88ff4288688b1d7e07dba0a5ba744fb0a6d95dae53c4266c"},
    {file = "awscrt-0.11.20-cp39-cp39-manylinux_2_17_aarch64.manylinux2014_aarch64.whl", hash = "sha256:4afdfc6651e1d4ca5272ff08e7298a3b4140f230a6139d2163363a7e1db80bd4"},
    {file = "awscrt-0.11.20-cp39-cp39-manylinux_2_17_x86_64.manylinux2014_x86_64.whl", hash = "sha256:8f219ec55218f94ac3f1cb6128a43aea9dcf0222feae35831139fe1be1b50143"},
    {file = "awscrt-0.11.20-cp39-cp39-manylinux_2_5_i686.manylinux1_i686.whl", hash = "sha256:0f8ba7484f45a27bac74cc0877f25d8703d65361e37bb72566195c2e33687324"},
    {file = "awscrt-0.11.20-cp39-cp39-manylinux_2_5_x86_64.manylinux1_x86_64.whl", hash = "sha256:9aedcb3207e07100128279196ae4f2c9f82561eb3f421f24249b34327455a301"},
    {file = "awscrt-0.11.20-cp39-cp39-win32.whl", hash = "sha256:9426ecbd100a50919298896e4085571d6f9ae52d9b445f6c32ee4b4019e6dbd1"},
    {file = "awscrt-0.11.20-cp39-cp39-win_amd64.whl", hash = "sha256:170b5bf29a50be745c56421783e45e0cc5acc6362c11626a70cd31327315e844"},
    {file = "awscrt-0.11.20.tar.gz", hash = "sha256:b08275eabca367380aa6d2bf9edd6d54658bb3c73b272cb4a6c629925c0b51a1"},
]
awsiotsdk = [
    {file = "awsiotsdk-1.5.17-py3-none-any.whl", hash = "sha256:2336e1efcc3d87659b8c76b792a92510a1f2f06dacc173b9865b115cc87056fa"},
    {file = "awsiotsdk-1.5.17.tar.gz", hash = "sha256:401a69b206f4e0429c270a72a0ae8f8aafd2860b43ea3865856cdbfb7f3af9a1"},
]
numpy = [
    {file = "numpy-1.20.3-cp37-cp37m-macosx_10_9_x86_64.whl", hash = "sha256:70eb5808127284c4e5c9e836208e09d685a7978b6a216db85960b1a112eeace8"},
    {file = "numpy-1.20.3-cp37-cp37m-manylinux_2_12_i686.manylinux2010_i686.whl", hash = "sha256:6ca2b85a5997dabc38301a22ee43c82adcb53ff660b89ee88dded6b33687e1d8"},
    {file = "numpy-1.20.3-cp37-cp37m-manylinux_2_12_x86_64.manylinux2010_x86_64.whl", hash = "sha256:c5bf0e132acf7557fc9bb8ded8b53bbbbea8892f3c9a1738205878ca9434206a"},
    {file = "numpy-1.20.3-cp37-cp37m-manylinux_2_17_aarch64.manylinux2014_aarch64.whl", hash = "sha256:db250fd3e90117e0312b611574cd1b3f78bec046783195075cbd7ba9c3d73f16"},
    {file = "numpy-1.20.3-cp37-cp37m-manylinux_2_5_i686.manylinux1_i686.whl", hash = "sha256:637d827248f447e63585ca3f4a7d2dfaa882e094df6cfa177cc9cf9cd6cdf6d2"},
    {file = "numpy-1.20.3-cp37-cp37m-manylinux_2_5_x86_64.manylinux1_x86_64.whl", hash = "sha256:8b7bb4b9280da3b2856cb1fc425932f46fba609819ee1c62256f61799e6a51d2"},
    {file = "numpy-1.20.3-cp37-cp37m-win32.whl", hash = "sha256:67d44acb72c31a97a3d5d33d103ab06d8ac20770e1c5ad81bdb3f0c086a56cf6"},
    {file = "numpy-1.20.3-cp37-cp37m-win_amd64.whl", hash = "sha256:43909c8bb289c382170e0282158a38cf306a8ad2ff6dfadc447e90f9961bef43"},
    {file = "numpy-1.20.3-cp38-cp38-macosx_10_9_x86_64.whl", hash = "sha256:f1452578d0516283c87608a5a5548b0cdde15b99650efdfd85182102ef7a7c17"},
    {file = "numpy-1.20.3-cp38-cp38-manylinux_2_12_i686.manylinux2010_i686.whl", hash = "sha256:6e51534e78d14b4a009a062641f465cfaba4fdcb046c3ac0b1f61dd97c861b1b"},
    {file = "numpy-1.20.3-cp38-cp38-manylinux_2_12_x86_64.manylinux2010_x86_64.whl", hash = "sha256:e515c9a93aebe27166ec9593411c58494fa98e5fcc219e47260d9ab8a1cc7f9f"},
    {file = "numpy-1.20.3-cp38-cp38-manylinux_2_17_aarch64.manylinux2014_aarch64.whl", hash = "sha256:c1c09247ccea742525bdb5f4b5ceeacb34f95731647fe55774aa36557dbb5fa4"},
    {file = "numpy-1.20.3-cp38-cp38-manylinux_2_5_i686.manylinux1_i686.whl", hash = "sha256:66fbc6fed94a13b9801fb70b96ff30605ab0a123e775a5e7a26938b717c5d71a"},
    {file = "numpy-1.20.3-cp38-cp38-manylinux_2_5_x86_64.manylinux1_x86_64.whl", hash = "sha256:ea9cff01e75a956dbee133fa8e5b68f2f92175233de2f88de3a682dd94deda65"},
    {file = "numpy-1.20.3-cp38-cp38-win32.whl", hash = "sha256:f39a995e47cb8649673cfa0579fbdd1cdd33ea497d1728a6cb194d6252268e48"},
    {file = "numpy-1.20.3-cp38-cp38-win_amd64.whl", hash = "sha256:1676b0a292dd3c99e49305a16d7a9f42a4ab60ec522eac0d3dd20cdf362ac010"},
    {file = "numpy-1.20.3-cp39-cp39-macosx_10_9_x86_64.whl", hash = "sha256:830b044f4e64a76ba71448fce6e604c0fc47a0e54d8f6467be23749ac2cbd2fb"},
    {file = "numpy-1.20.3-cp39-cp39-manylinux_2_12_i686.manylinux2010_i686.whl", hash = "sha256:55b745fca0a5ab738647d0e4db099bd0a23279c32b31a783ad2ccea729e632df"},
    {file = "numpy-1.20.3-cp39-cp39-manylinux_2_12_x86_64.manylinux2010_x86_64.whl", hash = "sha256:5d050e1e4bc9ddb8656d7b4f414557720ddcca23a5b88dd7cff65e847864c400"},
    {file = "numpy-1.20.3-cp39-cp39-manylinux_2_17_aarch64.manylinux2014_aarch64.whl", hash = "sha256:a9c65473ebc342715cb2d7926ff1e202c26376c0dcaaee85a1fd4b8d8c1d3b2f"},
    {file = "numpy-1.20.3-cp39-cp39-win32.whl", hash = "sha256:16f221035e8bd19b9dc9a57159e38d2dd060b48e93e1d843c49cb370b0f415fd"},
    {file = "numpy-1.20.3-cp39-cp39-win_amd64.whl", hash = "sha256:6690080810f77485667bfbff4f69d717c3be25e5b11bb2073e76bb3f578d99b4"},
    {file = "numpy-1.20.3-pp37-pypy37_pp73-manylinux_2_12_x86_64.manylinux2010_x86_64.whl", hash = "sha256:4e465afc3b96dbc80cf4a5273e5e2b1e3451286361b4af70ce1adb2984d392f9"},
    {file = "numpy-1.20.3.zip", hash = "sha256:e55185e51b18d788e49fe8305fd73ef4470596b33fc2c1ceb304566b99c71a69"},
]
pyaudio = [
    {file = "PyAudio-0.2.11-cp27-cp27m-win32.whl", hash = "sha256:f78d543a98b730e64621ebf7f3e2868a79ade0a373882ef51c0293455ffa8e6e"},
    {file = "PyAudio-0.2.11-cp27-cp27m-win_amd64.whl", hash = "sha256:259bb9c1363be895b4f9a97e320a6017dd06bc540728c1a04eb4a7b6fe75035b"},
    {file = "PyAudio-0.2.11-cp34-cp34m-win32.whl", hash = "sha256:0d92f6a294565260a282f7c9a0b0d309fc8cc988b5ee5b50645634ab9e2da7f7"},
    {file = "PyAudio-0.2.11-cp34-cp34m-win_amd64.whl", hash = "sha256:589bfad2c615dd4b5d3757e763019c42ab82f06fba5cae64ec02fd7f5ae407ed"},
    {file = "PyAudio-0.2.11-cp35-cp35m-win32.whl", hash = "sha256:8f89075b4844ea94dde0c951c2937581c989fabd4df09bfd3f075035f50955df"},
    {file = "PyAudio-0.2.11-cp35-cp35m-win_amd64.whl", hash = "sha256:cf1543ba50bd44ac0d0ab5c035bb9c3127eb76047ff12235149d9adf86f532b6"},
    {file = "PyAudio-0.2.11-cp36-cp36m-win32.whl", hash = "sha256:51b558d1b28c68437b53218279110db44f69f3f5dd3d81859f569a4a96962bdc"},
    {file = "PyAudio-0.2.11-cp36-cp36m-win_amd64.whl", hash = "sha256:2a19bdb8ec1445b4f3e4b7b109e0e4cec1fd1f1ce588592aeb6db0b58d4fb3b0"},
    {file = "PyAudio-0.2.11.tar.gz", hash = "sha256:93bfde30e0b64e63a46f2fd77e85c41fd51182a4a3413d9edfaf9ffaa26efb74"},
]
wave = [
    {file = "Wave-0.0.2.tar.gz", hash = "sha256:5a895bb85e04e38c82dba90d66a5ae8f488b50c58f3fc4df868a5bcdcabb8632"},
    {file = "Wave-0.0.2.zip", hash = "sha256:5187f49497287d218cc83d4cd1e5299dc31485ab3ed32abbaa9e95d8f73c4095"},
]
